{
  "version": 4,
  "terraform_version": "1.2.3",
  "serial": 7,
  "lineage": "f387f82d-6b70-1581-b1d8-928ee414c0d0",
  "outputs": {},
  "resources": [
    {
      "mode": "managed",
      "type": "azurerm_linux_function_app",
      "name": "funtion-app",
      "provider": "provider[\"registry.terraform.io/hashicorp/azurerm\"]",
      "instances": [
        {
          "schema_version": 0,
          "attributes": {
            "app_settings": null,
            "auth_settings": [],
            "auth_settings_v2": [],
            "backup": [],
            "builtin_logging_enabled": true,
            "client_certificate_enabled": false,
            "client_certificate_exclusion_paths": "",
            "client_certificate_mode": "Optional",
            "connection_string": [],
            "content_share_force_disabled": false,
            "custom_domain_verification_id": "047FBE79BCCBC08FEB89643A978423E56C3D990A935C1A8DEE3F285E774BBB48",
            "daily_memory_time_quota": 0,
            "default_hostname": "funtion-app-trigger-1.azurewebsites.net",
            "enabled": true,
            "functions_extension_version": "~4",
            "https_only": false,
            "id": "/subscriptions/a7f71ad2-5a23-4abe-b4fb-0b25f7b6f954/resourceGroups/funtion-app-rg/providers/Microsoft.Web/sites/funtion-app-trigger-1",
            "identity": [],
            "key_vault_reference_identity_id": "SystemAssigned",
            "kind": "functionapp,linux",
            "location": "southindia",
            "name": "funtion-app-trigger-1",
            "outbound_ip_address_list": [
              "52.172.55.168",
              "13.71.112.41",
              "13.71.124.204",
              "13.71.115.16",
              "13.71.122.35"
            ],
            "outbound_ip_addresses": "52.172.55.168,13.71.112.41,13.71.124.204,13.71.115.16,13.71.122.35",
            "possible_outbound_ip_address_list": [
              "52.172.55.168",
              "13.71.112.41",
              "13.71.124.204",
              "13.71.115.16",
              "52.172.37.235",
              "13.71.125.190",
              "104.211.220.195",
              "104.211.215.19",
              "13.71.68.94",
              "104.211.200.31",
              "104.211.202.201",
              "13.71.86.38",
              "13.71.122.35"
            ],
            "possible_outbound_ip_addresses": "52.172.55.168,13.71.112.41,13.71.124.204,13.71.115.16,52.172.37.235,13.71.125.190,104.211.220.195,104.211.215.19,13.71.68.94,104.211.200.31,104.211.202.201,13.71.86.38,13.71.122.35",
            "resource_group_name": "funtion-app-rg",
            "service_plan_id": "/subscriptions/a7f71ad2-5a23-4abe-b4fb-0b25f7b6f954/resourceGroups/funtion-app-rg/providers/Microsoft.Web/serverfarms/funtion-app-service-plan",
            "site_config": [
              {
                "always_on": false,
                "api_definition_url": "",
                "api_management_api_id": "",
                "app_command_line": "",
                "app_scale_limit": 200,
                "app_service_logs": [],
                "application_insights_connection_string": "",
                "application_insights_key": "",
                "application_stack": [
                  {
                    "docker": [],
                    "dotnet_version": "",
                    "java_version": "",
                    "node_version": "",
                    "powershell_core_version": "",
                    "python_version": "3.10",
                    "use_custom_runtime": false,
                    "use_dotnet_isolated_runtime": false
                  }
                ],
                "container_registry_managed_identity_client_id": "",
                "container_registry_use_managed_identity": false,
                "cors": [],
                "default_documents": [
                  "Default.htm",
                  "Default.html",
                  "Default.asp",
                  "index.htm",
                  "index.html",
                  "iisstart.htm",
                  "default.aspx",
                  "index.php"
                ],
                "detailed_error_logging_enabled": false,
                "elastic_instance_minimum": 0,
                "ftps_state": "Disabled",
                "health_check_eviction_time_in_min": 0,
                "health_check_path": "",
                "http2_enabled": false,
                "ip_restriction": [],
                "linux_fx_version": "PYTHON|3.10",
                "load_balancing_mode": "LeastRequests",
                "managed_pipeline_mode": "Integrated",
                "minimum_tls_version": "1.2",
                "pre_warmed_instance_count": 0,
                "remote_debugging_enabled": false,
                "remote_debugging_version": "",
                "runtime_scale_monitoring_enabled": false,
                "scm_ip_restriction": [],
                "scm_minimum_tls_version": "1.2",
                "scm_type": "None",
                "scm_use_main_ip_restriction": false,
                "use_32_bit_worker": false,
                "vnet_route_all_enabled": false,
                "websockets_enabled": false,
                "worker_count": 1
              }
            ],
            "site_credential": [
              {
                "name": "$funtion-app-trigger-1",
                "password": "kjRqaHoazheqKFBBrMC6mcK3qCTt6dnK1hALzLpvhi7s1dnaNisSgoH7dAKA"
              }
            ],
            "sticky_settings": [],
            "storage_account": [],
            "storage_account_access_key": "iTG69f0SgRmTPjpdY0J4wUXs/lhfGG+vKLB73k8wVK1/8/QFMcaD2EG9UY4um4HpWCXebf1bA950+ASt4r0U6A==",
            "storage_account_name": "funtionappstorage3010",
            "storage_key_vault_secret_id": "",
            "storage_uses_managed_identity": false,
            "tags": null,
            "timeouts": null,
            "virtual_network_subnet_id": "",
            "zip_deploy_file": ""
          },
          "sensitive_attributes": [
            [
              {
                "type": "get_attr",
                "value": "storage_account_access_key"
              }
            ]
          ],
          "private": "eyJlMmJmYjczMC1lY2FhLTExZTYtOGY4OC0zNDM2M2JjN2M0YzAiOnsiY3JlYXRlIjoxODAwMDAwMDAwMDAwLCJkZWxldGUiOjE4MDAwMDAwMDAwMDAsInJlYWQiOjMwMDAwMDAwMDAwMCwidXBkYXRlIjoxODAwMDAwMDAwMDAwfX0=",
          "dependencies": [
            "azurerm_resource_group.funtion-rg",
            "azurerm_service_plan.funtion-app-service-plan",
            "azurerm_storage_account.funtion-storage"
          ]
        }
      ]
    },
    {
      "mode": "managed",
      "type": "azurerm_resource_group",
      "name": "funtion-rg",
      "provider": "provider[\"registry.terraform.io/hashicorp/azurerm\"]",
      "instances": [
        {
          "schema_version": 0,
          "attributes": {
            "id": "/subscriptions/a7f71ad2-5a23-4abe-b4fb-0b25f7b6f954/resourceGroups/funtion-app-rg",
            "location": "southindia",
            "name": "funtion-app-rg",
            "tags": {},
            "timeouts": null
          },
          "sensitive_attributes": [],
          "private": "eyJlMmJmYjczMC1lY2FhLTExZTYtOGY4OC0zNDM2M2JjN2M0YzAiOnsiY3JlYXRlIjo1NDAwMDAwMDAwMDAwLCJkZWxldGUiOjU0MDAwMDAwMDAwMDAsInJlYWQiOjMwMDAwMDAwMDAwMCwidXBkYXRlIjo1NDAwMDAwMDAwMDAwfX0="
        }
      ]
    },
    {
      "mode": "managed",
      "type": "azurerm_service_plan",
      "name": "funtion-app-service-plan",
      "provider": "provider[\"registry.terraform.io/hashicorp/azurerm\"]",
      "instances": [
        {
          "schema_version": 0,
          "attributes": {
            "app_service_environment_id": "",
            "id": "/subscriptions/a7f71ad2-5a23-4abe-b4fb-0b25f7b6f954/resourceGroups/funtion-app-rg/providers/Microsoft.Web/serverfarms/funtion-app-service-plan",
            "kind": "functionapp",
            "location": "southindia",
            "maximum_elastic_worker_count": 1,
            "name": "funtion-app-service-plan",
            "os_type": "Linux",
            "per_site_scaling_enabled": false,
            "reserved": true,
            "resource_group_name": "funtion-app-rg",
            "sku_name": "Y1",
            "tags": {},
            "timeouts": null,
            "worker_count": 0,
            "zone_balancing_enabled": false
          },
          "sensitive_attributes": [],
          "private": "eyJlMmJmYjczMC1lY2FhLTExZTYtOGY4OC0zNDM2M2JjN2M0YzAiOnsiY3JlYXRlIjozNjAwMDAwMDAwMDAwLCJkZWxldGUiOjM2MDAwMDAwMDAwMDAsInJlYWQiOjMwMDAwMDAwMDAwMCwidXBkYXRlIjozNjAwMDAwMDAwMDAwfX0=",
          "dependencies": [
            "azurerm_resource_group.funtion-rg"
          ]
        }
      ]
    },
    {
      "mode": "managed",
      "type": "azurerm_storage_account",
      "name": "funtion-storage",
      "provider": "provider[\"registry.terraform.io/hashicorp/azurerm\"]",
      "instances": [
        {
          "schema_version": 3,
          "attributes": {
            "access_tier": "Hot",
            "account_kind": "StorageV2",
            "account_replication_type": "LRS",
            "account_tier": "Standard",
            "allow_nested_items_to_be_public": true,
            "allowed_copy_scope": "",
            "azure_files_authentication": [],
            "blob_properties": [
              {
                "change_feed_enabled": false,
                "change_feed_retention_in_days": 0,
                "container_delete_retention_policy": [],
                "cors_rule": [],
                "default_service_version": "",
                "delete_retention_policy": [],
                "last_access_time_enabled": false,
                "restore_policy": [],
                "versioning_enabled": false
              }
            ],
            "cross_tenant_replication_enabled": true,
            "custom_domain": [],
            "customer_managed_key": [],
            "default_to_oauth_authentication": false,
            "edge_zone": "",
            "enable_https_traffic_only": true,
            "id": "/subscriptions/a7f71ad2-5a23-4abe-b4fb-0b25f7b6f954/resourceGroups/funtion-app-rg/providers/Microsoft.Storage/storageAccounts/funtionappstorage3010",
            "identity": [],
            "immutability_policy": [],
            "infrastructure_encryption_enabled": false,
            "is_hns_enabled": false,
            "large_file_share_enabled": null,
            "location": "southindia",
            "min_tls_version": "TLS1_2",
            "name": "funtionappstorage3010",
            "network_rules": [
              {
                "bypass": [
                  "AzureServices"
                ],
                "default_action": "Allow",
                "ip_rules": [],
                "private_link_access": [],
                "virtual_network_subnet_ids": []
              }
            ],
            "nfsv3_enabled": false,
            "primary_access_key": "iTG69f0SgRmTPjpdY0J4wUXs/lhfGG+vKLB73k8wVK1/8/QFMcaD2EG9UY4um4HpWCXebf1bA950+ASt4r0U6A==",
            "primary_blob_connection_string": "DefaultEndpointsProtocol=https;BlobEndpoint=https://funtionappstorage3010.blob.core.windows.net/;AccountName=funtionappstorage3010;AccountKey=iTG69f0SgRmTPjpdY0J4wUXs/lhfGG+vKLB73k8wVK1/8/QFMcaD2EG9UY4um4HpWCXebf1bA950+ASt4r0U6A==",
            "primary_blob_endpoint": "https://funtionappstorage3010.blob.core.windows.net/",
            "primary_blob_host": "funtionappstorage3010.blob.core.windows.net",
            "primary_connection_string": "DefaultEndpointsProtocol=https;AccountName=funtionappstorage3010;AccountKey=iTG69f0SgRmTPjpdY0J4wUXs/lhfGG+vKLB73k8wVK1/8/QFMcaD2EG9UY4um4HpWCXebf1bA950+ASt4r0U6A==;EndpointSuffix=core.windows.net",
            "primary_dfs_endpoint": "https://funtionappstorage3010.dfs.core.windows.net/",
            "primary_dfs_host": "funtionappstorage3010.dfs.core.windows.net",
            "primary_file_endpoint": "https://funtionappstorage3010.file.core.windows.net/",
            "primary_file_host": "funtionappstorage3010.file.core.windows.net",
            "primary_location": "southindia",
            "primary_queue_endpoint": "https://funtionappstorage3010.queue.core.windows.net/",
            "primary_queue_host": "funtionappstorage3010.queue.core.windows.net",
            "primary_table_endpoint": "https://funtionappstorage3010.table.core.windows.net/",
            "primary_table_host": "funtionappstorage3010.table.core.windows.net",
            "primary_web_endpoint": "https://funtionappstorage3010.z30.web.core.windows.net/",
            "primary_web_host": "funtionappstorage3010.z30.web.core.windows.net",
            "public_network_access_enabled": true,
            "queue_encryption_key_type": "Service",
            "queue_properties": [
              {
                "cors_rule": [],
                "hour_metrics": [
                  {
                    "enabled": true,
                    "include_apis": true,
                    "retention_policy_days": 7,
                    "version": "1.0"
                  }
                ],
                "logging": [
                  {
                    "delete": false,
                    "read": false,
                    "retention_policy_days": 0,
                    "version": "1.0",
                    "write": false
                  }
                ],
                "minute_metrics": [
                  {
                    "enabled": false,
                    "include_apis": false,
                    "retention_policy_days": 0,
                    "version": "1.0"
                  }
                ]
              }
            ],
            "resource_group_name": "funtion-app-rg",
            "routing": [],
            "sas_policy": [],
            "secondary_access_key": "hqPGDc+CQKZtZ6sDHjZPGqRkox99e41AqYAGzHI8Mpy6GJn6JDz+q7eNCCgVkjQrFivXQEnd7Gca+ASt4tc3Iw==",
            "secondary_blob_connection_string": "",
            "secondary_blob_endpoint": null,
            "secondary_blob_host": null,
            "secondary_connection_string": "DefaultEndpointsProtocol=https;AccountName=funtionappstorage3010;AccountKey=hqPGDc+CQKZtZ6sDHjZPGqRkox99e41AqYAGzHI8Mpy6GJn6JDz+q7eNCCgVkjQrFivXQEnd7Gca+ASt4tc3Iw==;EndpointSuffix=core.windows.net",
            "secondary_dfs_endpoint": null,
            "secondary_dfs_host": null,
            "secondary_file_endpoint": null,
            "secondary_file_host": null,
            "secondary_location": "",
            "secondary_queue_endpoint": null,
            "secondary_queue_host": null,
            "secondary_table_endpoint": null,
            "secondary_table_host": null,
            "secondary_web_endpoint": null,
            "secondary_web_host": null,
            "sftp_enabled": false,
            "share_properties": [
              {
                "cors_rule": [],
                "retention_policy": [
                  {
                    "days": 7
                  }
                ],
                "smb": []
              }
            ],
            "shared_access_key_enabled": true,
            "static_website": [],
            "table_encryption_key_type": "Service",
            "tags": null,
            "timeouts": null
          },
          "sensitive_attributes": [],
          "private": "eyJlMmJmYjczMC1lY2FhLTExZTYtOGY4OC0zNDM2M2JjN2M0YzAiOnsiY3JlYXRlIjozNjAwMDAwMDAwMDAwLCJkZWxldGUiOjM2MDAwMDAwMDAwMDAsInJlYWQiOjMwMDAwMDAwMDAwMCwidXBkYXRlIjozNjAwMDAwMDAwMDAwfSwic2NoZW1hX3ZlcnNpb24iOiIzIn0=",
          "dependencies": [
            "azurerm_resource_group.funtion-rg"
          ]
        }
      ]
    }
  ]
}
